{
  "name": "day02",
  "version": "1.0.0",
  "lockfileVersion": 1,
  "requires": true,
  "dependencies": {
    "bootstrap": {
      "version": "4.5.0",
      "resolved": "https://registry.npm.taobao.org/bootstrap/download/bootstrap-4.5.0.tgz",
      "integrity": "sha1-l9nby1qJcvhyLJliSDVDuQfZuew=",
      "dev": true
    },
    "jquery": {
      "version": "1.12.4",
      "resolved": "https://registry.npm.taobao.org/jquery/download/jquery-1.12.4.tgz",
      "integrity": "sha1-AeHfuikP5z3rp3zurLD5ui/sngw="
    },
    "lodash": {
      "version": "4.17.19",
      "resolved": "https://registry.npm.taobao.org/lodash/download/lodash-4.17.19.tgz?cache=0&sync_timestamp=1594226931791&other_urls=https%3A%2F%2Fregistry.npm.taobao.org%2Flodash%2Fdownload%2Flodash-4.17.19.tgz",
      "integrity": "sha1-5I3e2+MLMyF4PFtDAfvTU7weSks="
    },
    "math": {
      "version": "0.0.3",
      "resolved": "https://registry.npm.taobao.org/math/download/math-0.0.3.tgz",
      "integrity": "sha1-hbAg/VTOELJqvqv81+H0vbxGRw8="
    }
  }
}
