{
  "name": "01.nodejs",
  "version": "1.0.0",
  "lockfileVersion": 1,
  "requires": true,
  "dependencies": {
    "@babel/helper-validator-identifier": {
      "version": "7.10.4",
      "resolved": "https://registry.npm.taobao.org/@babel/helper-validator-identifier/download/@babel/helper-validator-identifier-7.10.4.tgz?cache=0&sync_timestamp=1593521083613&other_urls=https%3A%2F%2Fregistry.npm.taobao.org%2F%40babel%2Fhelper-validator-identifier%2Fdownload%2F%40babel%2Fhelper-validator-identifier-7.10.4.tgz",
      "integrity": "sha1-p4x6clHgH2FlEtMbEK3PUq2l4NI="
    },
    "@babel/parser": {
      "version": "7.10.4",
      "resolved": "https://registry.npm.taobao.org/@babel/parser/download/@babel/parser-7.10.4.tgz?cache=0&sync_timestamp=1593521083313&other_urls=https%3A%2F%2Fregistry.npm.taobao.org%2F%40babel%2Fparser%2Fdownload%2F%40babel%2Fparser-7.10.4.tgz",
      "integrity": "sha1-nu3yfhmY2Hc5+1AopRIFV8BqGmQ="
    },
    "@babel/types": {
      "version": "7.10.4",
      "resolved": "https://registry.npm.taobao.org/@babel/types/download/@babel/types-7.10.4.tgz?cache=0&sync_timestamp=1593522838025&other_urls=https%3A%2F%2Fregistry.npm.taobao.org%2F%40babel%2Ftypes%2Fdownload%2F%40babel%2Ftypes-7.10.4.tgz",
      "integrity": "sha1-NpUXGINS4YIZmB79FWv9sZn/8e4=",
      "requires": {
        "@babel/helper-validator-identifier": "^7.10.4",
        "lodash": "^4.17.13",
        "to-fast-properties": "^2.0.0"
      }
    },
    "acorn": {
      "version": "7.3.1",
      "resolved": "https://registry.npm.taobao.org/acorn/download/acorn-7.3.1.tgz?cache=0&sync_timestamp=1591869398104&other_urls=https%3A%2F%2Fregistry.npm.taobao.org%2Facorn%2Fdownload%2Facorn-7.3.1.tgz",
      "integrity": "sha1-hQEHVNtTw/uvO56j4IOqXF0Uf/0="
    },
    "asap": {
      "version": "2.0.6",
      "resolved": "https://registry.npm.taobao.org/asap/download/asap-2.0.6.tgz",
      "integrity": "sha1-5QNHYR1+aQlDIIu9r+vLwvuGbUY="
    },
    "assert-never": {
      "version": "1.2.1",
      "resolved": "https://registry.npm.taobao.org/assert-never/download/assert-never-1.2.1.tgz",
      "integrity": "sha1-EfDjY78UYgX7CBk7XHuQ9NHPRP4="
    },
    "babel-walk": {
      "version": "3.0.0-canary-5",
      "resolved": "https://registry.npm.taobao.org/babel-walk/download/babel-walk-3.0.0-canary-5.tgz",
      "integrity": "sha1-9m7Ncpg1eu5ElV8jWm71QhkQSxE=",
      "requires": {
        "@babel/types": "^7.9.6"
      }
    },
    "character-parser": {
      "version": "2.2.0",
      "resolved": "https://registry.npm.taobao.org/character-parser/download/character-parser-2.2.0.tgz",
      "integrity": "sha1-x84o821LzZdE5f/CxfzeHHMmH8A=",
      "requires": {
        "is-regex": "^1.0.3"
      }
    },
    "constantinople": {
      "version": "4.0.1",
      "resolved": "https://registry.npm.taobao.org/constantinople/download/constantinople-4.0.1.tgz",
      "integrity": "sha1-De8RP6Dk3I3oMzGlz3nIsyUhMVE=",
      "requires": {
        "@babel/parser": "^7.6.0",
        "@babel/types": "^7.6.1"
      }
    },
    "doctypes": {
      "version": "1.1.0",
      "resolved": "https://registry.npm.taobao.org/doctypes/download/doctypes-1.1.0.tgz",
      "integrity": "sha1-6oCxBqh1OHdOijpKWv4pPeSJ4Kk="
    },
    "has-symbols": {
      "version": "1.0.1",
      "resolved": "https://registry.npm.taobao.org/has-symbols/download/has-symbols-1.0.1.tgz",
      "integrity": "sha1-n1IUdYpEGWxAbZvXbOv4HsLdMeg="
    },
    "is-expression": {
      "version": "4.0.0",
      "resolved": "https://registry.npm.taobao.org/is-expression/download/is-expression-4.0.0.tgz",
      "integrity": "sha1-wzFVliq/IdCv0lUlFNZ9LsFv0qs=",
      "requires": {
        "acorn": "^7.1.1",
        "object-assign": "^4.1.1"
      }
    },
    "is-promise": {
      "version": "2.2.2",
      "resolved": "https://registry.npm.taobao.org/is-promise/download/is-promise-2.2.2.tgz",
      "integrity": "sha1-OauVnMv5p3TPB597QMeib3YxNfE="
    },
    "is-regex": {
      "version": "1.1.0",
      "resolved": "https://registry.npm.taobao.org/is-regex/download/is-regex-1.1.0.tgz",
      "integrity": "sha1-7OOOOJ5JDfDcIcrqK9WW+Yf3Z/8=",
      "requires": {
        "has-symbols": "^1.0.1"
      }
    },
    "js-stringify": {
      "version": "1.0.2",
      "resolved": "https://registry.npm.taobao.org/js-stringify/download/js-stringify-1.0.2.tgz",
      "integrity": "sha1-Fzb939lyTyijaCrcYjCufk6Weds="
    },
    "jstransformer": {
      "version": "1.0.0",
      "resolved": "https://registry.npm.taobao.org/jstransformer/download/jstransformer-1.0.0.tgz",
      "integrity": "sha1-7Yvwkh4vPx7U1cGkT2hwntJHIsM=",
      "requires": {
        "is-promise": "^2.0.0",
        "promise": "^7.0.1"
      }
    },
    "lodash": {
      "version": "4.17.19",
      "resolved": "https://registry.npm.taobao.org/lodash/download/lodash-4.17.19.tgz?cache=0&sync_timestamp=1594226931791&other_urls=https%3A%2F%2Fregistry.npm.taobao.org%2Flodash%2Fdownload%2Flodash-4.17.19.tgz",
      "integrity": "sha1-5I3e2+MLMyF4PFtDAfvTU7weSks="
    },
    "object-assign": {
      "version": "4.1.1",
      "resolved": "https://registry.npm.taobao.org/object-assign/download/object-assign-4.1.1.tgz",
      "integrity": "sha1-IQmtx5ZYh8/AXLvUQsrIv7s2CGM="
    },
    "path-parse": {
      "version": "1.0.6",
      "resolved": "https://registry.npm.taobao.org/path-parse/download/path-parse-1.0.6.tgz",
      "integrity": "sha1-1i27VnlAXXLEc37FhgDp3c8G0kw="
    },
    "promise": {
      "version": "7.3.1",
      "resolved": "https://registry.npm.taobao.org/promise/download/promise-7.3.1.tgz",
      "integrity": "sha1-BktyYCsY+Q8pGSuLG8QY/9Hr078=",
      "requires": {
        "asap": "~2.0.3"
      }
    },
    "pug": {
      "version": "3.0.0",
      "resolved": "https://registry.npm.taobao.org/pug/download/pug-3.0.0.tgz",
      "integrity": "sha1-EB7s16I2zZkG5CDhd5nU1X8rfZM=",
      "requires": {
        "pug-code-gen": "^3.0.0",
        "pug-filters": "^4.0.0",
        "pug-lexer": "^5.0.0",
        "pug-linker": "^4.0.0",
        "pug-load": "^3.0.0",
        "pug-parser": "^6.0.0",
        "pug-runtime": "^3.0.0",
        "pug-strip-comments": "^2.0.0"
      }
    },
    "pug-attrs": {
      "version": "3.0.0",
      "resolved": "https://registry.npm.taobao.org/pug-attrs/download/pug-attrs-3.0.0.tgz",
      "integrity": "sha1-sQRR4DSBZeMfrRzCPr3dncc0fEE=",
      "requires": {
        "constantinople": "^4.0.1",
        "js-stringify": "^1.0.2",
        "pug-runtime": "^3.0.0"
      }
    },
    "pug-code-gen": {
      "version": "3.0.1",
      "resolved": "https://registry.npm.taobao.org/pug-code-gen/download/pug-code-gen-3.0.1.tgz",
      "integrity": "sha1-/zszexAMSU6mPvdmCR0n99c6y34=",
      "requires": {
        "constantinople": "^4.0.1",
        "doctypes": "^1.1.0",
        "js-stringify": "^1.0.2",
        "pug-attrs": "^3.0.0",
        "pug-error": "^2.0.0",
        "pug-runtime": "^3.0.0",
        "void-elements": "^3.1.0",
        "with": "^7.0.0"
      }
    },
    "pug-error": {
      "version": "2.0.0",
      "resolved": "https://registry.npm.taobao.org/pug-error/download/pug-error-2.0.0.tgz",
      "integrity": "sha1-XGIXPLCcNN4qLOBPF7it/sdNjKU="
    },
    "pug-filters": {
      "version": "4.0.0",
      "resolved": "https://registry.npm.taobao.org/pug-filters/download/pug-filters-4.0.0.tgz",
      "integrity": "sha1-0+Sa9bqEcum3pm2YDnB86dLMm14=",
      "requires": {
        "constantinople": "^4.0.1",
        "jstransformer": "1.0.0",
        "pug-error": "^2.0.0",
        "pug-walk": "^2.0.0",
        "resolve": "^1.15.1"
      }
    },
    "pug-lexer": {
      "version": "5.0.0",
      "resolved": "https://registry.npm.taobao.org/pug-lexer/download/pug-lexer-5.0.0.tgz",
      "integrity": "sha1-C3eefYy/DxA4A2db6WNRlC/Zpyc=",
      "requires": {
        "character-parser": "^2.2.0",
        "is-expression": "^4.0.0",
        "pug-error": "^2.0.0"
      }
    },
    "pug-linker": {
      "version": "4.0.0",
      "resolved": "https://registry.npm.taobao.org/pug-linker/download/pug-linker-4.0.0.tgz",
      "integrity": "sha1-EsvAWU/Fo+Brn8Web5PBRpYqdwg=",
      "requires": {
        "pug-error": "^2.0.0",
        "pug-walk": "^2.0.0"
      }
    },
    "pug-load": {
      "version": "3.0.0",
      "resolved": "https://registry.npm.taobao.org/pug-load/download/pug-load-3.0.0.tgz",
      "integrity": "sha1-n9nNpSICsIrbEdJWgfufNL1BtmI=",
      "requires": {
        "object-assign": "^4.1.1",
        "pug-walk": "^2.0.0"
      }
    },
    "pug-parser": {
      "version": "6.0.0",
      "resolved": "https://registry.npm.taobao.org/pug-parser/download/pug-parser-6.0.0.tgz",
      "integrity": "sha1-qP3ANYY6lbLB3F6/Ts+AtOdqEmA=",
      "requires": {
        "pug-error": "^2.0.0",
        "token-stream": "1.0.0"
      }
    },
    "pug-runtime": {
      "version": "3.0.0",
      "resolved": "https://registry.npm.taobao.org/pug-runtime/download/pug-runtime-3.0.0.tgz",
      "integrity": "sha1-1SMCX9wKHv5wkp0f06LSQSH//7Y="
    },
    "pug-strip-comments": {
      "version": "2.0.0",
      "resolved": "https://registry.npm.taobao.org/pug-strip-comments/download/pug-strip-comments-2.0.0.tgz",
      "integrity": "sha1-+UsH/WtJVSMzD0kKf1VLT/h2MD4=",
      "requires": {
        "pug-error": "^2.0.0"
      }
    },
    "pug-walk": {
      "version": "2.0.0",
      "resolved": "https://registry.npm.taobao.org/pug-walk/download/pug-walk-2.0.0.tgz",
      "integrity": "sha1-QXqrwpIyu0SZtbUGmistKiTV9f4="
    },
    "resolve": {
      "version": "1.17.0",
      "resolved": "https://registry.npm.taobao.org/resolve/download/resolve-1.17.0.tgz?cache=0&sync_timestamp=1589682751623&other_urls=https%3A%2F%2Fregistry.npm.taobao.org%2Fresolve%2Fdownload%2Fresolve-1.17.0.tgz",
      "integrity": "sha1-sllBtUloIxzC0bt2p5y38sC/hEQ=",
      "requires": {
        "path-parse": "^1.0.6"
      }
    },
    "to-fast-properties": {
      "version": "2.0.0",
      "resolved": "https://registry.npm.taobao.org/to-fast-properties/download/to-fast-properties-2.0.0.tgz",
      "integrity": "sha1-3F5pjL0HkmW8c+A3doGk5Og/YW4="
    },
    "token-stream": {
      "version": "1.0.0",
      "resolved": "https://registry.npm.taobao.org/token-stream/download/token-stream-1.0.0.tgz",
      "integrity": "sha1-zCAOqyYT9BZtJ/+a/HylbUnfbrQ="
    },
    "void-elements": {
      "version": "3.1.0",
      "resolved": "https://registry.npm.taobao.org/void-elements/download/void-elements-3.1.0.tgz",
      "integrity": "sha1-YU9/v42AHwu18GYfWy9XhXUOTwk="
    },
    "with": {
      "version": "7.0.2",
      "resolved": "https://registry.npm.taobao.org/with/download/with-7.0.2.tgz",
      "integrity": "sha1-zO461ULSVTinp6gKrSErmChJW6w=",
      "requires": {
        "@babel/parser": "^7.9.6",
        "@babel/types": "^7.9.6",
        "assert-never": "^1.2.1",
        "babel-walk": "3.0.0-canary-5"
      }
    }
  }
}
